{
  "requires": true,
  "lockfileVersion": 1,
  "dependencies": {
    "lorem-ipsum": {
      "version": "1.0.6",
      "resolved": "https://registry.npmjs.org/lorem-ipsum/-/lorem-ipsum-1.0.6.tgz",
      "integrity": "sha512-Rx4XH8X4KSDCKAVvWGYlhAfNqdUP5ZdT4rRyf0jjrvWgtViZimDIlopWNfn/y3lGM5K4uuiAoY28TaD+7YKFrQ==",
      "requires": {
        "minimist": "1.2.0"
      }
    },
    "minimist": {
      "version": "1.2.0",
      "resolved": "http://registry.npmjs.org/minimist/-/minimist-1.2.0.tgz",
      "integrity": "sha1-o1AIsg9BOD7sH7kU9M1d95omQoQ="
    }
  }
}
